
Microsoft Visual Studio Solution File, Format Version 12.00
# Visual Studio 15
VisualStudioVersion = 15.0.28307.572
MinimumVisualStudioVersion = 10.0.40219.1
Project("{FAE04EC0-301F-11D3-BF4B-00C04F79EFBC}") = "Oreilly_Csharp_ch6_SubClass_P273", "Oreilly_Csharp_ch6_SubClass_P273\Oreilly_Csharp_ch6_SubClass_P273.csproj", "{7A8D8B9D-5C47-4BAF-A1CB-610B8A9942A7}"
EndProject
Global
	GlobalSection(SolutionConfigurationPlatforms) = preSolution
		Debug|Any CPU = Debug|Any CPU
		Release|Any CPU = Release|Any CPU
	EndGlobalSection
	GlobalSection(ProjectConfigurationPlatforms) = postSolution
		{7A8D8B9D-5C47-4BAF-A1CB-610B8A9942A7}.Debug|Any CPU.ActiveCfg = Debug|Any CPU
		{7A8D8B9D-5C47-4BAF-A1CB-610B8A9942A7}.Debug|Any CPU.Build.0 = Debug|Any CPU
		{7A8D8B9D-5C47-4BAF-A1CB-610B8A9942A7}.Release|Any CPU.ActiveCfg = Release|Any CPU
		{7A8D8B9D-5C47-4BAF-A1CB-610B8A9942A7}.Release|Any CPU.Build.0 = Release|Any CPU
	EndGlobalSection
	GlobalSection(SolutionProperties) = preSolution
		HideSolutionNode = FALSE
	EndGlobalSection
	GlobalSection(ExtensibilityGlobals) = postSolution
		SolutionGuid = {9E8D3221-FC32-41D0-947A-2F1F3CE820D0}
	EndGlobalSection
EndGlobal
